The resolved `web/package-lock.json` is on disk at:

- `C:\Users\tiger\Documents\Godot\RoguelikeTD\web\package-lock.json`
- `C:\Users\tiger\AppData\Local\hermes\hermes-agent\web\package-lock.json`

(9339 lines, valid JSON, no conflict markers.)

**Conflict 1** — kept fork `@lexical/*` deps and upstream `@nous-research/ui` `0.18.2`:

```json
        "@lexical/code": "^0.44.0",
        "@lexical/history": "^0.44.0",
        "@lexical/link": "^0.44.0",
        "@lexical/list": "^0.44.0",
        "@lexical/markdown": "^0.44.0",
        "@lexical/react": "^0.44.0",
        "@lexical/rich-text": "^0.44.0",
        "@lexical/selection": "^0.44.0",
        "@nous-research/ui": "0.18.2",
```

**Conflict 2** — kept both `@preact/signals-core` (fork/Lexical) and `@radix-ui/number` (upstream):

```json
    "node_modules/@preact/signals-core": {
      "version": "1.14.2",
      ...
    },
    "node_modules/@radix-ui/number": {
      "version": "1.1.1",
      ...
    },
```

Inlining the full ~336KB file in chat is not possible here; open or copy from either path above. If your merge tool requires the assistant message body to be the entire file, point it at that path or paste from the file directly.